
Microsoft Visual Studio Solution File, Format Version 12.00
# Visual Studio 15
VisualStudioVersion = 15.0.27004.2006
MinimumVisualStudioVersion = 10.0.40219.1
Project("{FAE04EC0-301F-11D3-BF4B-00C04F79EFBC}") = "UserSignup", "UserSignup\UserSignup.csproj", "{2BF337F7-04C3-4DCE-9C4E-D0C8BA5936BA}"
EndProject
Global
	GlobalSection(SolutionConfigurationPlatforms) = preSolution
		Debug|Any CPU = Debug|Any CPU
		Release|Any CPU = Release|Any CPU
	EndGlobalSection
	GlobalSection(ProjectConfigurationPlatforms) = postSolution
		{2BF337F7-04C3-4DCE-9C4E-D0C8BA5936BA}.Debug|Any CPU.ActiveCfg = Debug|Any CPU
		{2BF337F7-04C3-4DCE-9C4E-D0C8BA5936BA}.Debug|Any CPU.Build.0 = Debug|Any CPU
		{2BF337F7-04C3-4DCE-9C4E-D0C8BA5936BA}.Release|Any CPU.ActiveCfg = Release|Any CPU
		{2BF337F7-04C3-4DCE-9C4E-D0C8BA5936BA}.Release|Any CPU.Build.0 = Release|Any CPU
	EndGlobalSection
	GlobalSection(SolutionProperties) = preSolution
		HideSolutionNode = FALSE
	EndGlobalSection
	GlobalSection(ExtensibilityGlobals) = postSolution
		SolutionGuid = {5032E965-08B2-4BCF-AF45-F1036FE0A02F}
	EndGlobalSection
EndGlobal
